PODS:
  - HCYoutubeParser (0.0.5)
  - HWIFileDownload (3.0)
  - MMYoutubeMP4Extractor (0.1.1):
    - RMYouTubeExtractor
  - RMYouTubeExtractor (0.3)

DEPENDENCIES:
  - HCYoutubeParser (from `https://github.com/smudgeio/HCYoutubeParser.git`, branch `master`)
  - HWIFileDownload (from `https://github.com/agrippa1994/HWIFileDownload.git`, branch `delete`)
  - MMYoutubeMP4Extractor

EXTERNAL SOURCES:
  HCYoutubeParser:
    :branch: master
    :git: https://github.com/smudgeio/HCYoutubeParser.git
  HWIFileDownload:
    :branch: delete
    :git: https://github.com/agrippa1994/HWIFileDownload.git

CHECKOUT OPTIONS:
  HCYoutubeParser:
    :commit: b0cfb62d339d776d5a3883e1c401ac21d7d54102
    :git: https://github.com/smudgeio/HCYoutubeParser.git
  HWIFileDownload:
    :commit: e5fd778351e4c509c7601709ad26ecf14f98e822
    :git: https://github.com/agrippa1994/HWIFileDownload.git

SPEC CHECKSUMS:
  HCYoutubeParser: bc1db8c062e4b835eda381f2be2f9970f6a8d071
  HWIFileDownload: 34cc2afedaeccfab0a3e837127f9c9fbd04006d6
  MMYoutubeMP4Extractor: 7d58a1afd784794f178e0896bc7352fd3724fc72
  RMYouTubeExtractor: 4de4965347d86549c1f4904113be33b0deee697a

PODFILE CHECKSUM: a7f26e34d54983b7566cc0a773591d0fe867d03e

COCOAPODS: 1.4.0
