// !$*UTF8*$!
{
	archiveVersion = 1;
	classes = {
	};
	objectVersion = 46;
	objects = {

/* Begin PBXBuildFile section */
		278970E5EA441081AD91298B /* Pods_YoutubeDownloader.framework in Frameworks */ = {isa = PBXBuildFile; fileRef = 329831DD768088B027B9A648 /* Pods_YoutubeDownloader.framework */; };
		3C2953DF1DFD8B3900FBE9A2 /* ActionViewController+HWIFileDownloadDelegate.swift in Sources */ = {isa = PBXBuildFile; fileRef = 3C2953DE1DFD8B3900FBE9A2 /* ActionViewController+HWIFileDownloadDelegate.swift */; };
		3C2953E11DFD8DDB00FBE9A2 /* TmpCleaner.swift in Sources */ = {isa = PBXBuildFile; fileRef = 3C2953E01DFD8DDB00FBE9A2 /* TmpCleaner.swift */; };
		3C2953E31DFD93F500FBE9A2 /* ExtensionExtractor.swift in Sources */ = {isa = PBXBuildFile; fileRef = 3C2953E21DFD93F500FBE9A2 /* ExtensionExtractor.swift */; };
		3C2953E61DFDD9AE00FBE9A2 /* ExtensionExtractor.swift in Sources */ = {isa = PBXBuildFile; fileRef = 3C2953E21DFD93F500FBE9A2 /* ExtensionExtractor.swift */; };
		3C89CCA51DF9ED67005522B9 /* AppDelegate.swift in Sources */ = {isa = PBXBuildFile; fileRef = 3C89CCA41DF9ED67005522B9 /* AppDelegate.swift */; };
		3C89CCAA1DF9ED67005522B9 /* Main.storyboard in Resources */ = {isa = PBXBuildFile; fileRef = 3C89CCA81DF9ED67005522B9 /* Main.storyboard */; };
		3C89CCAF1DF9ED67005522B9 /* Assets.xcassets in Resources */ = {isa = PBXBuildFile; fileRef = 3C89CCAE1DF9ED67005522B9 /* Assets.xcassets */; };
		3C89CCB21DF9ED67005522B9 /* LaunchScreen.storyboard in Resources */ = {isa = PBXBuildFile; fileRef = 3C89CCB01DF9ED67005522B9 /* LaunchScreen.storyboard */; };
		3C8AD4E51E044D8A00064E9B /* VideoRepositoryTests.swift in Sources */ = {isa = PBXBuildFile; fileRef = 3C8AD4E41E044D8A00064E9B /* VideoRepositoryTests.swift */; };
		3C8AD4F01E04544C00064E9B /* YoutubeDownloader.xcdatamodeld in Sources */ = {isa = PBXBuildFile; fileRef = 3CC7BAA01DFB413600A914A0 /* YoutubeDownloader.xcdatamodeld */; };
		3C8AD4F61E04573C00064E9B /* VideoRepositoryProtocol.swift in Sources */ = {isa = PBXBuildFile; fileRef = 3C8AD4F51E04573C00064E9B /* VideoRepositoryProtocol.swift */; };
		3C8AD4F71E04573C00064E9B /* VideoRepositoryProtocol.swift in Sources */ = {isa = PBXBuildFile; fileRef = 3C8AD4F51E04573C00064E9B /* VideoRepositoryProtocol.swift */; };
		3C8AD4F91E04573C00064E9B /* VideoRepositoryProtocol.swift in Sources */ = {isa = PBXBuildFile; fileRef = 3C8AD4F51E04573C00064E9B /* VideoRepositoryProtocol.swift */; };
		3C8AD4FB1E04576700064E9B /* YoutubeVideoInformationProtocol.swift in Sources */ = {isa = PBXBuildFile; fileRef = 3C8AD4FA1E04576700064E9B /* YoutubeVideoInformationProtocol.swift */; };
		3C8AD4FC1E04576700064E9B /* YoutubeVideoInformationProtocol.swift in Sources */ = {isa = PBXBuildFile; fileRef = 3C8AD4FA1E04576700064E9B /* YoutubeVideoInformationProtocol.swift */; };
		3C8AD4FE1E04576700064E9B /* YoutubeVideoInformationProtocol.swift in Sources */ = {isa = PBXBuildFile; fileRef = 3C8AD4FA1E04576700064E9B /* YoutubeVideoInformationProtocol.swift */; };
		3C8AD5001E04581200064E9B /* YoutubeAPIProtocol.swift in Sources */ = {isa = PBXBuildFile; fileRef = 3C8AD4FF1E04581200064E9B /* YoutubeAPIProtocol.swift */; };
		3C8AD5011E04581200064E9B /* YoutubeAPIProtocol.swift in Sources */ = {isa = PBXBuildFile; fileRef = 3C8AD4FF1E04581200064E9B /* YoutubeAPIProtocol.swift */; };
		3C8AD5031E04581200064E9B /* YoutubeAPIProtocol.swift in Sources */ = {isa = PBXBuildFile; fileRef = 3C8AD4FF1E04581200064E9B /* YoutubeAPIProtocol.swift */; };
		3C8AD5061E045EF900064E9B /* VideoRepositoryMock.swift in Sources */ = {isa = PBXBuildFile; fileRef = 3C8AD5051E045EF900064E9B /* VideoRepositoryMock.swift */; };
		3C8AD5071E045EF900064E9B /* VideoRepositoryMock.swift in Sources */ = {isa = PBXBuildFile; fileRef = 3C8AD5051E045EF900064E9B /* VideoRepositoryMock.swift */; };
		3C8AD5091E045EF900064E9B /* VideoRepositoryMock.swift in Sources */ = {isa = PBXBuildFile; fileRef = 3C8AD5051E045EF900064E9B /* VideoRepositoryMock.swift */; };
		3C8AD50B1E04659B00064E9B /* VideoProtocol.swift in Sources */ = {isa = PBXBuildFile; fileRef = 3C8AD50A1E04659B00064E9B /* VideoProtocol.swift */; };
		3C8AD50C1E04659B00064E9B /* VideoProtocol.swift in Sources */ = {isa = PBXBuildFile; fileRef = 3C8AD50A1E04659B00064E9B /* VideoProtocol.swift */; };
		3C8AD50E1E04659B00064E9B /* VideoProtocol.swift in Sources */ = {isa = PBXBuildFile; fileRef = 3C8AD50A1E04659B00064E9B /* VideoProtocol.swift */; };
		3C8AD5121E04667400064E9B /* Video+CoreDataClass.swift in Sources */ = {isa = PBXBuildFile; fileRef = 3C8AD5101E04667400064E9B /* Video+CoreDataClass.swift */; };
		3C8AD5131E04667400064E9B /* Video+CoreDataClass.swift in Sources */ = {isa = PBXBuildFile; fileRef = 3C8AD5101E04667400064E9B /* Video+CoreDataClass.swift */; };
		3C8AD5151E04667400064E9B /* Video+CoreDataClass.swift in Sources */ = {isa = PBXBuildFile; fileRef = 3C8AD5101E04667400064E9B /* Video+CoreDataClass.swift */; };
		3C8AD5161E04667400064E9B /* Video+CoreDataProperties.swift in Sources */ = {isa = PBXBuildFile; fileRef = 3C8AD5111E04667400064E9B /* Video+CoreDataProperties.swift */; };
		3C8AD5171E04667400064E9B /* Video+CoreDataProperties.swift in Sources */ = {isa = PBXBuildFile; fileRef = 3C8AD5111E04667400064E9B /* Video+CoreDataProperties.swift */; };
		3C8AD5191E04667400064E9B /* Video+CoreDataProperties.swift in Sources */ = {isa = PBXBuildFile; fileRef = 3C8AD5111E04667400064E9B /* Video+CoreDataProperties.swift */; };
		3C8AD5201E0468AB00064E9B /* VideoMock.swift in Sources */ = {isa = PBXBuildFile; fileRef = 3C8AD51F1E0468AB00064E9B /* VideoMock.swift */; };
		3C8AD5211E0468AB00064E9B /* VideoMock.swift in Sources */ = {isa = PBXBuildFile; fileRef = 3C8AD51F1E0468AB00064E9B /* VideoMock.swift */; };
		3C8AD5231E0468AB00064E9B /* VideoMock.swift in Sources */ = {isa = PBXBuildFile; fileRef = 3C8AD51F1E0468AB00064E9B /* VideoMock.swift */; };
		3CC7BA7F1DFAC01800A914A0 /* ActionViewController.swift in Sources */ = {isa = PBXBuildFile; fileRef = 3CC7BA7E1DFAC01800A914A0 /* ActionViewController.swift */; };
		3CC7BA821DFAC01800A914A0 /* MainInterface.storyboard in Resources */ = {isa = PBXBuildFile; fileRef = 3CC7BA801DFAC01800A914A0 /* MainInterface.storyboard */; };
		3CC7BA861DFAC01800A914A0 /* YoutubeDownloaderAction.appex in Embed App Extensions */ = {isa = PBXBuildFile; fileRef = 3CC7BA7C1DFAC01700A914A0 /* YoutubeDownloaderAction.appex */; settings = {ATTRIBUTES = (RemoveHeadersOnCopy, ); }; };
		3CC7BA8F1DFB3C8A00A914A0 /* YoutubeAPI.swift in Sources */ = {isa = PBXBuildFile; fileRef = 3CC7BA8E1DFB3C8A00A914A0 /* YoutubeAPI.swift */; };
		3CC7BA901DFB3CAF00A914A0 /* YoutubeAPI.swift in Sources */ = {isa = PBXBuildFile; fileRef = 3CC7BA8E1DFB3C8A00A914A0 /* YoutubeAPI.swift */; };
		3CC7BA921DFB3D9100A914A0 /* Persistence.swift in Sources */ = {isa = PBXBuildFile; fileRef = 3CC7BA911DFB3D9100A914A0 /* Persistence.swift */; };
		3CC7BA931DFB3D9100A914A0 /* Persistence.swift in Sources */ = {isa = PBXBuildFile; fileRef = 3CC7BA911DFB3D9100A914A0 /* Persistence.swift */; };
		3CC7BA981DFB3F7000A914A0 /* FileManager+Group.swift in Sources */ = {isa = PBXBuildFile; fileRef = 3CC7BA971DFB3F7000A914A0 /* FileManager+Group.swift */; };
		3CC7BA991DFB3F7000A914A0 /* FileManager+Group.swift in Sources */ = {isa = PBXBuildFile; fileRef = 3CC7BA971DFB3F7000A914A0 /* FileManager+Group.swift */; };
		3CC7BA9B1DFB40ED00A914A0 /* VideoRepository.swift in Sources */ = {isa = PBXBuildFile; fileRef = 3CC7BA9A1DFB40ED00A914A0 /* VideoRepository.swift */; };
		3CC7BA9C1DFB40ED00A914A0 /* VideoRepository.swift in Sources */ = {isa = PBXBuildFile; fileRef = 3CC7BA9A1DFB40ED00A914A0 /* VideoRepository.swift */; };
		3CC7BA9E1DFB411100A914A0 /* Definition.swift in Sources */ = {isa = PBXBuildFile; fileRef = 3CC7BA9D1DFB411100A914A0 /* Definition.swift */; };
		3CC7BA9F1DFB411100A914A0 /* Definition.swift in Sources */ = {isa = PBXBuildFile; fileRef = 3CC7BA9D1DFB411100A914A0 /* Definition.swift */; };
		3CC7BAA21DFB413600A914A0 /* YoutubeDownloader.xcdatamodeld in Sources */ = {isa = PBXBuildFile; fileRef = 3CC7BAA01DFB413600A914A0 /* YoutubeDownloader.xcdatamodeld */; };
		3CC7BAA31DFB413600A914A0 /* YoutubeDownloader.xcdatamodeld in Sources */ = {isa = PBXBuildFile; fileRef = 3CC7BAA01DFB413600A914A0 /* YoutubeDownloader.xcdatamodeld */; };
		3CC7BABB1DFB4B4300A914A0 /* VideoListTableViewController.swift in Sources */ = {isa = PBXBuildFile; fileRef = 3CC7BABA1DFB4B4300A914A0 /* VideoListTableViewController.swift */; };
		90D9BC2CB74301E484805889 /* Pods_YoutubeDownloaderAction.framework in Frameworks */ = {isa = PBXBuildFile; fileRef = C4ABAFD055BFB295FBE49E4F /* Pods_YoutubeDownloaderAction.framework */; };
		91D6091C63E35EDC19E81B22 /* Pods_YoutubeDownloaderTests.framework in Frameworks */ = {isa = PBXBuildFile; fileRef = 28328C35B89BF17F3D4121C7 /* Pods_YoutubeDownloaderTests.framework */; };
/* End PBXBuildFile section */

/* Begin PBXContainerItemProxy section */
		3C89CCB91DF9ED67005522B9 /* PBXContainerItemProxy */ = {
			isa = PBXContainerItemProxy;
			containerPortal = 3C89CC991DF9ED67005522B9 /* Project object */;
			proxyType = 1;
			remoteGlobalIDString = 3C89CCA01DF9ED67005522B9;
			remoteInfo = YoutubeDownloader;
		};
		3CC7BA841DFAC01800A914A0 /* PBXContainerItemProxy */ = {
			isa = PBXContainerItemProxy;
			containerPortal = 3C89CC991DF9ED67005522B9 /* Project object */;
			proxyType = 1;
			remoteGlobalIDString = 3CC7BA7B1DFAC01700A914A0;
			remoteInfo = YoutubeDownloaderAction;
		};
/* End PBXContainerItemProxy section */

/* Begin PBXCopyFilesBuildPhase section */
		3CC7BA771DFABDA500A914A0 /* Embed App Extensions */ = {
			isa = PBXCopyFilesBuildPhase;
			buildActionMask = 2147483647;
			dstPath = "";
			dstSubfolderSpec = 13;
			files = (
				3CC7BA861DFAC01800A914A0 /* YoutubeDownloaderAction.appex in Embed App Extensions */,
			);
			name = "Embed App Extensions";
			runOnlyForDeploymentPostprocessing = 0;
		};
/* End PBXCopyFilesBuildPhase section */

/* Begin PBXFileReference section */
		12FB0B1C83B4331AE14F79BF /* Pods-YoutubeDownloaderAction.release.xcconfig */ = {isa = PBXFileReference; includeInIndex = 1; lastKnownFileType = text.xcconfig; name = "Pods-YoutubeDownloaderAction.release.xcconfig"; path = "Pods/Target Support Files/Pods-YoutubeDownloaderAction/Pods-YoutubeDownloaderAction.release.xcconfig"; sourceTree = "<group>"; };
		28328C35B89BF17F3D4121C7 /* Pods_YoutubeDownloaderTests.framework */ = {isa = PBXFileReference; explicitFileType = wrapper.framework; includeInIndex = 0; path = Pods_YoutubeDownloaderTests.framework; sourceTree = BUILT_PRODUCTS_DIR; };
		329831DD768088B027B9A648 /* Pods_YoutubeDownloader.framework */ = {isa = PBXFileReference; explicitFileType = wrapper.framework; includeInIndex = 0; path = Pods_YoutubeDownloader.framework; sourceTree = BUILT_PRODUCTS_DIR; };
		3C2953DE1DFD8B3900FBE9A2 /* ActionViewController+HWIFileDownloadDelegate.swift */ = {isa = PBXFileReference; fileEncoding = 4; lastKnownFileType = sourcecode.swift; path = "ActionViewController+HWIFileDownloadDelegate.swift"; sourceTree = "<group>"; };
		3C2953E01DFD8DDB00FBE9A2 /* TmpCleaner.swift */ = {isa = PBXFileReference; fileEncoding = 4; lastKnownFileType = sourcecode.swift; path = TmpCleaner.swift; sourceTree = "<group>"; };
		3C2953E21DFD93F500FBE9A2 /* ExtensionExtractor.swift */ = {isa = PBXFileReference; fileEncoding = 4; lastKnownFileType = sourcecode.swift; path = ExtensionExtractor.swift; sourceTree = "<group>"; };
		3C89CCA11DF9ED67005522B9 /* YoutubeDownloader.app */ = {isa = PBXFileReference; explicitFileType = wrapper.application; includeInIndex = 0; path = YoutubeDownloader.app; sourceTree = BUILT_PRODUCTS_DIR; };
		3C89CCA41DF9ED67005522B9 /* AppDelegate.swift */ = {isa = PBXFileReference; lastKnownFileType = sourcecode.swift; path = AppDelegate.swift; sourceTree = "<group>"; };
		3C89CCA91DF9ED67005522B9 /* Base */ = {isa = PBXFileReference; lastKnownFileType = file.storyboard; name = Base; path = Base.lproj/Main.storyboard; sourceTree = "<group>"; };
		3C89CCAE1DF9ED67005522B9 /* Assets.xcassets */ = {isa = PBXFileReference; lastKnownFileType = folder.assetcatalog; path = Assets.xcassets; sourceTree = "<group>"; };
		3C89CCB11DF9ED67005522B9 /* Base */ = {isa = PBXFileReference; lastKnownFileType = file.storyboard; name = Base; path = Base.lproj/LaunchScreen.storyboard; sourceTree = "<group>"; };
		3C89CCB31DF9ED67005522B9 /* Info.plist */ = {isa = PBXFileReference; lastKnownFileType = text.plist.xml; path = Info.plist; sourceTree = "<group>"; };
		3C89CCB81DF9ED67005522B9 /* YoutubeDownloaderTests.xctest */ = {isa = PBXFileReference; explicitFileType = wrapper.cfbundle; includeInIndex = 0; path = YoutubeDownloaderTests.xctest; sourceTree = BUILT_PRODUCTS_DIR; };
		3C89CCBE1DF9ED67005522B9 /* Info.plist */ = {isa = PBXFileReference; lastKnownFileType = text.plist.xml; path = Info.plist; sourceTree = "<group>"; };
		3C8AD4E41E044D8A00064E9B /* VideoRepositoryTests.swift */ = {isa = PBXFileReference; fileEncoding = 4; lastKnownFileType = sourcecode.swift; path = VideoRepositoryTests.swift; sourceTree = "<group>"; };
		3C8AD4F51E04573C00064E9B /* VideoRepositoryProtocol.swift */ = {isa = PBXFileReference; fileEncoding = 4; lastKnownFileType = sourcecode.swift; name = VideoRepositoryProtocol.swift; path = Core/API/VideoRepositoryProtocol.swift; sourceTree = "<group>"; };
		3C8AD4FA1E04576700064E9B /* YoutubeVideoInformationProtocol.swift */ = {isa = PBXFileReference; fileEncoding = 4; lastKnownFileType = sourcecode.swift; name = YoutubeVideoInformationProtocol.swift; path = Core/API/YoutubeVideoInformationProtocol.swift; sourceTree = "<group>"; };
		3C8AD4FF1E04581200064E9B /* YoutubeAPIProtocol.swift */ = {isa = PBXFileReference; fileEncoding = 4; lastKnownFileType = sourcecode.swift; name = YoutubeAPIProtocol.swift; path = Core/API/YoutubeAPIProtocol.swift; sourceTree = "<group>"; };
		3C8AD5051E045EF900064E9B /* VideoRepositoryMock.swift */ = {isa = PBXFileReference; fileEncoding = 4; lastKnownFileType = sourcecode.swift; name = VideoRepositoryMock.swift; path = Core/Mocks/VideoRepositoryMock.swift; sourceTree = "<group>"; };
		3C8AD50A1E04659B00064E9B /* VideoProtocol.swift */ = {isa = PBXFileReference; fileEncoding = 4; lastKnownFileType = sourcecode.swift; name = VideoProtocol.swift; path = Core/API/VideoProtocol.swift; sourceTree = "<group>"; };
		3C8AD5101E04667400064E9B /* Video+CoreDataClass.swift */ = {isa = PBXFileReference; fileEncoding = 4; lastKnownFileType = sourcecode.swift; name = "Video+CoreDataClass.swift"; path = "Core/Entities/Video+CoreDataClass.swift"; sourceTree = "<group>"; };
		3C8AD5111E04667400064E9B /* Video+CoreDataProperties.swift */ = {isa = PBXFileReference; fileEncoding = 4; lastKnownFileType = sourcecode.swift; name = "Video+CoreDataProperties.swift"; path = "Core/Entities/Video+CoreDataProperties.swift"; sourceTree = "<group>"; };
		3C8AD51F1E0468AB00064E9B /* VideoMock.swift */ = {isa = PBXFileReference; fileEncoding = 4; lastKnownFileType = sourcecode.swift; name = VideoMock.swift; path = Core/Mocks/VideoMock.swift; sourceTree = "<group>"; };
		3CC7BA7C1DFAC01700A914A0 /* YoutubeDownloaderAction.appex */ = {isa = PBXFileReference; explicitFileType = "wrapper.app-extension"; includeInIndex = 0; path = YoutubeDownloaderAction.appex; sourceTree = BUILT_PRODUCTS_DIR; };
		3CC7BA7E1DFAC01800A914A0 /* ActionViewController.swift */ = {isa = PBXFileReference; lastKnownFileType = sourcecode.swift; path = ActionViewController.swift; sourceTree = "<group>"; };
		3CC7BA811DFAC01800A914A0 /* Base */ = {isa = PBXFileReference; lastKnownFileType = file.storyboard; name = Base; path = Base.lproj/MainInterface.storyboard; sourceTree = "<group>"; };
		3CC7BA831DFAC01800A914A0 /* Info.plist */ = {isa = PBXFileReference; lastKnownFileType = text.plist.xml; path = Info.plist; sourceTree = "<group>"; };
		3CC7BA8B1DFB019B00A914A0 /* YoutubeDownloader.entitlements */ = {isa = PBXFileReference; lastKnownFileType = text.plist.entitlements; path = YoutubeDownloader.entitlements; sourceTree = "<group>"; };
		3CC7BA8C1DFB01CD00A914A0 /* YoutubeDownloaderAction.entitlements */ = {isa = PBXFileReference; lastKnownFileType = text.plist.entitlements; path = YoutubeDownloaderAction.entitlements; sourceTree = "<group>"; };
		3CC7BA8E1DFB3C8A00A914A0 /* YoutubeAPI.swift */ = {isa = PBXFileReference; fileEncoding = 4; lastKnownFileType = sourcecode.swift; name = YoutubeAPI.swift; path = Core/YoutubeAPI.swift; sourceTree = "<group>"; };
		3CC7BA911DFB3D9100A914A0 /* Persistence.swift */ = {isa = PBXFileReference; fileEncoding = 4; lastKnownFileType = sourcecode.swift; name = Persistence.swift; path = Core/Persistence.swift; sourceTree = "<group>"; };
		3CC7BA971DFB3F7000A914A0 /* FileManager+Group.swift */ = {isa = PBXFileReference; fileEncoding = 4; lastKnownFileType = sourcecode.swift; name = "FileManager+Group.swift"; path = "Core/FileManager+Group.swift"; sourceTree = "<group>"; };
		3CC7BA9A1DFB40ED00A914A0 /* VideoRepository.swift */ = {isa = PBXFileReference; fileEncoding = 4; lastKnownFileType = sourcecode.swift; name = VideoRepository.swift; path = Core/VideoRepository.swift; sourceTree = "<group>"; };
		3CC7BA9D1DFB411100A914A0 /* Definition.swift */ = {isa = PBXFileReference; fileEncoding = 4; lastKnownFileType = sourcecode.swift; name = Definition.swift; path = Core/Definition.swift; sourceTree = "<group>"; };
		3CC7BAA11DFB413600A914A0 /* YoutubeDownloader.xcdatamodel */ = {isa = PBXFileReference; lastKnownFileType = wrapper.xcdatamodel; path = YoutubeDownloader.xcdatamodel; sourceTree = "<group>"; };
		3CC7BABA1DFB4B4300A914A0 /* VideoListTableViewController.swift */ = {isa = PBXFileReference; fileEncoding = 4; lastKnownFileType = sourcecode.swift; path = VideoListTableViewController.swift; sourceTree = "<group>"; };
		53C027758A1EDC891D7E0B89 /* Pods_YoutubeDownloaderUITests.framework */ = {isa = PBXFileReference; explicitFileType = wrapper.framework; includeInIndex = 0; path = Pods_YoutubeDownloaderUITests.framework; sourceTree = BUILT_PRODUCTS_DIR; };
		545F93FB67B28446128FF250 /* Pods-YoutubeDownloaderUITests.debug.xcconfig */ = {isa = PBXFileReference; includeInIndex = 1; lastKnownFileType = text.xcconfig; name = "Pods-YoutubeDownloaderUITests.debug.xcconfig"; path = "Pods/Target Support Files/Pods-YoutubeDownloaderUITests/Pods-YoutubeDownloaderUITests.debug.xcconfig"; sourceTree = "<group>"; };
		59D1F676D6AA5FA2C7B2DA43 /* Pods-YoutubeDownloader.release.xcconfig */ = {isa = PBXFileReference; includeInIndex = 1; lastKnownFileType = text.xcconfig; name = "Pods-YoutubeDownloader.release.xcconfig"; path = "Pods/Target Support Files/Pods-YoutubeDownloader/Pods-YoutubeDownloader.release.xcconfig"; sourceTree = "<group>"; };
		A609530D8BC61540E0E27E65 /* Pods-YoutubeDownloaderAction.debug.xcconfig */ = {isa = PBXFileReference; includeInIndex = 1; lastKnownFileType = text.xcconfig; name = "Pods-YoutubeDownloaderAction.debug.xcconfig"; path = "Pods/Target Support Files/Pods-YoutubeDownloaderAction/Pods-YoutubeDownloaderAction.debug.xcconfig"; sourceTree = "<group>"; };
		A780977B37F20722A7807C9F /* Pods-YoutubeDownloaderTests.release.xcconfig */ = {isa = PBXFileReference; includeInIndex = 1; lastKnownFileType = text.xcconfig; name = "Pods-YoutubeDownloaderTests.release.xcconfig"; path = "Pods/Target Support Files/Pods-YoutubeDownloaderTests/Pods-YoutubeDownloaderTests.release.xcconfig"; sourceTree = "<group>"; };
		C07D3FFC7E06CF66F5757086 /* Pods-YoutubeDownloaderUITests.release.xcconfig */ = {isa = PBXFileReference; includeInIndex = 1; lastKnownFileType = text.xcconfig; name = "Pods-YoutubeDownloaderUITests.release.xcconfig"; path = "Pods/Target Support Files/Pods-YoutubeDownloaderUITests/Pods-YoutubeDownloaderUITests.release.xcconfig"; sourceTree = "<group>"; };
		C4ABAFD055BFB295FBE49E4F /* Pods_YoutubeDownloaderAction.framework */ = {isa = PBXFileReference; explicitFileType = wrapper.framework; includeInIndex = 0; path = Pods_YoutubeDownloaderAction.framework; sourceTree = BUILT_PRODUCTS_DIR; };
		CA9DAA8A4327B9E427AFD372 /* Pods-YoutubeDownloader.debug.xcconfig */ = {isa = PBXFileReference; includeInIndex = 1; lastKnownFileType = text.xcconfig; name = "Pods-YoutubeDownloader.debug.xcconfig"; path = "Pods/Target Support Files/Pods-YoutubeDownloader/Pods-YoutubeDownloader.debug.xcconfig"; sourceTree = "<group>"; };
		D1005E8F56CE72524003868B /* Pods-YoutubeDownloaderTests.debug.xcconfig */ = {isa = PBXFileReference; includeInIndex = 1; lastKnownFileType = text.xcconfig; name = "Pods-YoutubeDownloaderTests.debug.xcconfig"; path = "Pods/Target Support Files/Pods-YoutubeDownloaderTests/Pods-YoutubeDownloaderTests.debug.xcconfig"; sourceTree = "<group>"; };
/* End PBXFileReference section */

/* Begin PBXFrameworksBuildPhase section */
		3C89CC9E1DF9ED67005522B9 /* Frameworks */ = {
			isa = PBXFrameworksBuildPhase;
			buildActionMask = 2147483647;
			files = (
				278970E5EA441081AD91298B /* Pods_YoutubeDownloader.framework in Frameworks */,
			);
			runOnlyForDeploymentPostprocessing = 0;
		};
		3C89CCB51DF9ED67005522B9 /* Frameworks */ = {
			isa = PBXFrameworksBuildPhase;
			buildActionMask = 2147483647;
			files = (
				91D6091C63E35EDC19E81B22 /* Pods_YoutubeDownloaderTests.framework in Frameworks */,
			);
			runOnlyForDeploymentPostprocessing = 0;
		};
		3CC7BA791DFAC01700A914A0 /* Frameworks */ = {
			isa = PBXFrameworksBuildPhase;
			buildActionMask = 2147483647;
			files = (
				90D9BC2CB74301E484805889 /* Pods_YoutubeDownloaderAction.framework in Frameworks */,
			);
			runOnlyForDeploymentPostprocessing = 0;
		};
/* End PBXFrameworksBuildPhase section */

/* Begin PBXGroup section */
		3C89CC981DF9ED67005522B9 = {
			isa = PBXGroup;
			children = (
				3CC7BA8D1DFB3C7300A914A0 /* Core */,
				3C89CCA31DF9ED67005522B9 /* YoutubeDownloader */,
				3C89CCBB1DF9ED67005522B9 /* YoutubeDownloaderTests */,
				3CC7BA7D1DFAC01800A914A0 /* YoutubeDownloaderAction */,
				3C89CCA21DF9ED67005522B9 /* Products */,
				89496032C8474697D25081FB /* Pods */,
				5A08511B5CC66A1065CB1DB0 /* Frameworks */,
			);
			sourceTree = "<group>";
		};
		3C89CCA21DF9ED67005522B9 /* Products */ = {
			isa = PBXGroup;
			children = (
				3C89CCA11DF9ED67005522B9 /* YoutubeDownloader.app */,
				3C89CCB81DF9ED67005522B9 /* YoutubeDownloaderTests.xctest */,
				3CC7BA7C1DFAC01700A914A0 /* YoutubeDownloaderAction.appex */,
			);
			name = Products;
			sourceTree = "<group>";
		};
		3C89CCA31DF9ED67005522B9 /* YoutubeDownloader */ = {
			isa = PBXGroup;
			children = (
				3CC7BA8B1DFB019B00A914A0 /* YoutubeDownloader.entitlements */,
				3C89CCA41DF9ED67005522B9 /* AppDelegate.swift */,
				3C89CCA81DF9ED67005522B9 /* Main.storyboard */,
				3C89CCAE1DF9ED67005522B9 /* Assets.xcassets */,
				3C89CCB01DF9ED67005522B9 /* LaunchScreen.storyboard */,
				3C89CCB31DF9ED67005522B9 /* Info.plist */,
				3CC7BABA1DFB4B4300A914A0 /* VideoListTableViewController.swift */,
			);
			path = YoutubeDownloader;
			sourceTree = "<group>";
		};
		3C89CCBB1DF9ED67005522B9 /* YoutubeDownloaderTests */ = {
			isa = PBXGroup;
			children = (
				3C89CCBE1DF9ED67005522B9 /* Info.plist */,
				3C8AD4E41E044D8A00064E9B /* VideoRepositoryTests.swift */,
			);
			path = YoutubeDownloaderTests;
			sourceTree = "<group>";
		};
		3C8AD4F41E04571800064E9B /* API */ = {
			isa = PBXGroup;
			children = (
				3C8AD4F51E04573C00064E9B /* VideoRepositoryProtocol.swift */,
				3C8AD4FA1E04576700064E9B /* YoutubeVideoInformationProtocol.swift */,
				3C8AD4FF1E04581200064E9B /* YoutubeAPIProtocol.swift */,
				3C8AD50A1E04659B00064E9B /* VideoProtocol.swift */,
			);
			name = API;
			sourceTree = "<group>";
		};
		3C8AD5041E045ECE00064E9B /* Mocks */ = {
			isa = PBXGroup;
			children = (
				3C8AD5051E045EF900064E9B /* VideoRepositoryMock.swift */,
				3C8AD51F1E0468AB00064E9B /* VideoMock.swift */,
			);
			name = Mocks;
			sourceTree = "<group>";
		};
		3C8AD50F1E04661500064E9B /* Entities */ = {
			isa = PBXGroup;
			children = (
				3C8AD5101E04667400064E9B /* Video+CoreDataClass.swift */,
				3C8AD5111E04667400064E9B /* Video+CoreDataProperties.swift */,
			);
			name = Entities;
			sourceTree = "<group>";
		};
		3CC7BA7D1DFAC01800A914A0 /* YoutubeDownloaderAction */ = {
			isa = PBXGroup;
			children = (
				3CC7BA8C1DFB01CD00A914A0 /* YoutubeDownloaderAction.entitlements */,
				3CC7BA7E1DFAC01800A914A0 /* ActionViewController.swift */,
				3CC7BA801DFAC01800A914A0 /* MainInterface.storyboard */,
				3CC7BA831DFAC01800A914A0 /* Info.plist */,
				3C2953DE1DFD8B3900FBE9A2 /* ActionViewController+HWIFileDownloadDelegate.swift */,
				3C2953E01DFD8DDB00FBE9A2 /* TmpCleaner.swift */,
				3C2953E21DFD93F500FBE9A2 /* ExtensionExtractor.swift */,
			);
			path = YoutubeDownloaderAction;
			sourceTree = "<group>";
		};
		3CC7BA8D1DFB3C7300A914A0 /* Core */ = {
			isa = PBXGroup;
			children = (
				3C8AD50F1E04661500064E9B /* Entities */,
				3C8AD5041E045ECE00064E9B /* Mocks */,
				3C8AD4F41E04571800064E9B /* API */,
				3CC7BAA01DFB413600A914A0 /* YoutubeDownloader.xcdatamodeld */,
				3CC7BA9D1DFB411100A914A0 /* Definition.swift */,
				3CC7BA8E1DFB3C8A00A914A0 /* YoutubeAPI.swift */,
				3CC7BA911DFB3D9100A914A0 /* Persistence.swift */,
				3CC7BA971DFB3F7000A914A0 /* FileManager+Group.swift */,
				3CC7BA9A1DFB40ED00A914A0 /* VideoRepository.swift */,
			);
			name = Core;
			sourceTree = "<group>";
		};
		5A08511B5CC66A1065CB1DB0 /* Frameworks */ = {
			isa = PBXGroup;
			children = (
				329831DD768088B027B9A648 /* Pods_YoutubeDownloader.framework */,
				C4ABAFD055BFB295FBE49E4F /* Pods_YoutubeDownloaderAction.framework */,
				28328C35B89BF17F3D4121C7 /* Pods_YoutubeDownloaderTests.framework */,
				53C027758A1EDC891D7E0B89 /* Pods_YoutubeDownloaderUITests.framework */,
			);
			name = Frameworks;
			sourceTree = "<group>";
		};
		89496032C8474697D25081FB /* Pods */ = {
			isa = PBXGroup;
			children = (
				CA9DAA8A4327B9E427AFD372 /* Pods-YoutubeDownloader.debug.xcconfig */,
				59D1F676D6AA5FA2C7B2DA43 /* Pods-YoutubeDownloader.release.xcconfig */,
				A609530D8BC61540E0E27E65 /* Pods-YoutubeDownloaderAction.debug.xcconfig */,
				12FB0B1C83B4331AE14F79BF /* Pods-YoutubeDownloaderAction.release.xcconfig */,
				D1005E8F56CE72524003868B /* Pods-YoutubeDownloaderTests.debug.xcconfig */,
				A780977B37F20722A7807C9F /* Pods-YoutubeDownloaderTests.release.xcconfig */,
				545F93FB67B28446128FF250 /* Pods-YoutubeDownloaderUITests.debug.xcconfig */,
				C07D3FFC7E06CF66F5757086 /* Pods-YoutubeDownloaderUITests.release.xcconfig */,
			);
			name = Pods;
			sourceTree = "<group>";
		};
/* End PBXGroup section */

/* Begin PBXNativeTarget section */
		3C89CCA01DF9ED67005522B9 /* YoutubeDownloader */ = {
			isa = PBXNativeTarget;
			buildConfigurationList = 3C89CCCC1DF9ED67005522B9 /* Build configuration list for PBXNativeTarget "YoutubeDownloader" */;
			buildPhases = (
				92BC4AB4CA8C5795F50B7B76 /* [CP] Check Pods Manifest.lock */,
				3C89CC9D1DF9ED67005522B9 /* Sources */,
				3C89CC9E1DF9ED67005522B9 /* Frameworks */,
				3C89CC9F1DF9ED67005522B9 /* Resources */,
				55A629525EE831DF4C5922FE /* [CP] Embed Pods Frameworks */,
				3801BAD785B0A3B43F306ABC /* [CP] Copy Pods Resources */,
				3CC7BA771DFABDA500A914A0 /* Embed App Extensions */,
			);
			buildRules = (
			);
			dependencies = (
				3CC7BA851DFAC01800A914A0 /* PBXTargetDependency */,
			);
			name = YoutubeDownloader;
			productName = YoutubeDownloader;
			productReference = 3C89CCA11DF9ED67005522B9 /* YoutubeDownloader.app */;
			productType = "com.apple.product-type.application";
		};
		3C89CCB71DF9ED67005522B9 /* YoutubeDownloaderTests */ = {
			isa = PBXNativeTarget;
			buildConfigurationList = 3C89CCCF1DF9ED67005522B9 /* Build configuration list for PBXNativeTarget "YoutubeDownloaderTests" */;
			buildPhases = (
				F9C054B5C3A24EE840E958E8 /* [CP] Check Pods Manifest.lock */,
				3C89CCB41DF9ED67005522B9 /* Sources */,
				3C89CCB51DF9ED67005522B9 /* Frameworks */,
				3C89CCB61DF9ED67005522B9 /* Resources */,
				0FD6598DDBE78FC8BA3EA972 /* [CP] Embed Pods Frameworks */,
				54D6E84E12B8AAB1CBE7CFAB /* [CP] Copy Pods Resources */,
			);
			buildRules = (
			);
			dependencies = (
				3C89CCBA1DF9ED67005522B9 /* PBXTargetDependency */,
			);
			name = YoutubeDownloaderTests;
			productName = YoutubeDownloaderTests;
			productReference = 3C89CCB81DF9ED67005522B9 /* YoutubeDownloaderTests.xctest */;
			productType = "com.apple.product-type.bundle.unit-test";
		};
		3CC7BA7B1DFAC01700A914A0 /* YoutubeDownloaderAction */ = {
			isa = PBXNativeTarget;
			buildConfigurationList = 3CC7BA871DFAC01800A914A0 /* Build configuration list for PBXNativeTarget "YoutubeDownloaderAction" */;
			buildPhases = (
				CC9AE13821E2264BD2431EE2 /* [CP] Check Pods Manifest.lock */,
				3CC7BA781DFAC01700A914A0 /* Sources */,
				3CC7BA791DFAC01700A914A0 /* Frameworks */,
				3CC7BA7A1DFAC01700A914A0 /* Resources */,
				1FA3C3278781A5C39B156E21 /* [CP] Copy Pods Resources */,
			);
			buildRules = (
			);
			dependencies = (
			);
			name = YoutubeDownloaderAction;
			productName = YoutubeDownloaderAction;
			productReference = 3CC7BA7C1DFAC01700A914A0 /* YoutubeDownloaderAction.appex */;
			productType = "com.apple.product-type.app-extension";
		};
/* End PBXNativeTarget section */

/* Begin PBXProject section */
		3C89CC991DF9ED67005522B9 /* Project object */ = {
			isa = PBXProject;
			attributes = {
				LastSwiftUpdateCheck = 0810;
				LastUpgradeCheck = 0810;
				ORGANIZATIONNAME = leitold;
				TargetAttributes = {
					3C89CCA01DF9ED67005522B9 = {
						CreatedOnToolsVersion = 8.1;
						DevelopmentTeam = S96554Z38L;
						LastSwiftMigration = 0810;
						ProvisioningStyle = Automatic;
						SystemCapabilities = {
							com.apple.ApplicationGroups.iOS = {
								enabled = 1;
							};
							com.apple.BackgroundModes = {
								enabled = 1;
							};
						};
					};
					3C89CCB71DF9ED67005522B9 = {
						CreatedOnToolsVersion = 8.1;
						DevelopmentTeam = S96554Z38L;
						ProvisioningStyle = Automatic;
						TestTargetID = 3C89CCA01DF9ED67005522B9;
					};
					3CC7BA7B1DFAC01700A914A0 = {
						CreatedOnToolsVersion = 8.1;
						DevelopmentTeam = S96554Z38L;
						LastSwiftMigration = 0810;
						ProvisioningStyle = Automatic;
						SystemCapabilities = {
							com.apple.ApplicationGroups.iOS = {
								enabled = 1;
							};
						};
					};
				};
			};
			buildConfigurationList = 3C89CC9C1DF9ED67005522B9 /* Build configuration list for PBXProject "YoutubeDownloader" */;
			compatibilityVersion = "Xcode 3.2";
			developmentRegion = English;
			hasScannedForEncodings = 0;
			knownRegions = (
				en,
				Base,
			);
			mainGroup = 3C89CC981DF9ED67005522B9;
			productRefGroup = 3C89CCA21DF9ED67005522B9 /* Products */;
			projectDirPath = "";
			projectRoot = "";
			targets = (
				3C89CCA01DF9ED67005522B9 /* YoutubeDownloader */,
				3C89CCB71DF9ED67005522B9 /* YoutubeDownloaderTests */,
				3CC7BA7B1DFAC01700A914A0 /* YoutubeDownloaderAction */,
			);
		};
/* End PBXProject section */

/* Begin PBXResourcesBuildPhase section */
		3C89CC9F1DF9ED67005522B9 /* Resources */ = {
			isa = PBXResourcesBuildPhase;
			buildActionMask = 2147483647;
			files = (
				3C89CCB21DF9ED67005522B9 /* LaunchScreen.storyboard in Resources */,
				3C89CCAF1DF9ED67005522B9 /* Assets.xcassets in Resources */,
				3C89CCAA1DF9ED67005522B9 /* Main.storyboard in Resources */,
			);
			runOnlyForDeploymentPostprocessing = 0;
		};
		3C89CCB61DF9ED67005522B9 /* Resources */ = {
			isa = PBXResourcesBuildPhase;
			buildActionMask = 2147483647;
			files = (
			);
			runOnlyForDeploymentPostprocessing = 0;
		};
		3CC7BA7A1DFAC01700A914A0 /* Resources */ = {
			isa = PBXResourcesBuildPhase;
			buildActionMask = 2147483647;
			files = (
				3CC7BA821DFAC01800A914A0 /* MainInterface.storyboard in Resources */,
			);
			runOnlyForDeploymentPostprocessing = 0;
		};
/* End PBXResourcesBuildPhase section */

/* Begin PBXShellScriptBuildPhase section */
		0FD6598DDBE78FC8BA3EA972 /* [CP] Embed Pods Frameworks */ = {
			isa = PBXShellScriptBuildPhase;
			buildActionMask = 2147483647;
			files = (
			);
			inputPaths = (
			);
			name = "[CP] Embed Pods Frameworks";
			outputPaths = (
			);
			runOnlyForDeploymentPostprocessing = 0;
			shellPath = /bin/sh;
			shellScript = "\"${SRCROOT}/Pods/Target Support Files/Pods-YoutubeDownloaderTests/Pods-YoutubeDownloaderTests-frameworks.sh\"\n";
			showEnvVarsInLog = 0;
		};
		1FA3C3278781A5C39B156E21 /* [CP] Copy Pods Resources */ = {
			isa = PBXShellScriptBuildPhase;
			buildActionMask = 2147483647;
			files = (
			);
			inputPaths = (
			);
			name = "[CP] Copy Pods Resources";
			outputPaths = (
			);
			runOnlyForDeploymentPostprocessing = 0;
			shellPath = /bin/sh;
			shellScript = "\"${SRCROOT}/Pods/Target Support Files/Pods-YoutubeDownloaderAction/Pods-YoutubeDownloaderAction-resources.sh\"\n";
			showEnvVarsInLog = 0;
		};
		3801BAD785B0A3B43F306ABC /* [CP] Copy Pods Resources */ = {
			isa = PBXShellScriptBuildPhase;
			buildActionMask = 2147483647;
			files = (
			);
			inputPaths = (
			);
			name = "[CP] Copy Pods Resources";
			outputPaths = (
			);
			runOnlyForDeploymentPostprocessing = 0;
			shellPath = /bin/sh;
			shellScript = "\"${SRCROOT}/Pods/Target Support Files/Pods-YoutubeDownloader/Pods-YoutubeDownloader-resources.sh\"\n";
			showEnvVarsInLog = 0;
		};
		54D6E84E12B8AAB1CBE7CFAB /* [CP] Copy Pods Resources */ = {
			isa = PBXShellScriptBuildPhase;
			buildActionMask = 2147483647;
			files = (
			);
			inputPaths = (
			);
			name = "[CP] Copy Pods Resources";
			outputPaths = (
			);
			runOnlyForDeploymentPostprocessing = 0;
			shellPath = /bin/sh;
			shellScript = "\"${SRCROOT}/Pods/Target Support Files/Pods-YoutubeDownloaderTests/Pods-YoutubeDownloaderTests-resources.sh\"\n";
			showEnvVarsInLog = 0;
		};
		55A629525EE831DF4C5922FE /* [CP] Embed Pods Frameworks */ = {
			isa = PBXShellScriptBuildPhase;
			buildActionMask = 2147483647;
			files = (
			);
			inputPaths = (
			);
			name = "[CP] Embed Pods Frameworks";
			outputPaths = (
			);
			runOnlyForDeploymentPostprocessing = 0;
			shellPath = /bin/sh;
			shellScript = "\"${SRCROOT}/Pods/Target Support Files/Pods-YoutubeDownloader/Pods-YoutubeDownloader-frameworks.sh\"\n";
			showEnvVarsInLog = 0;
		};
		92BC4AB4CA8C5795F50B7B76 /* [CP] Check Pods Manifest.lock */ = {
			isa = PBXShellScriptBuildPhase;
			buildActionMask = 2147483647;
			files = (
			);
			inputPaths = (
			);
			name = "[CP] Check Pods Manifest.lock";
			outputPaths = (
			);
			runOnlyForDeploymentPostprocessing = 0;
			shellPath = /bin/sh;
			shellScript = "diff \"${PODS_ROOT}/../Podfile.lock\" \"${PODS_ROOT}/Manifest.lock\" > /dev/null\nif [ $? != 0 ] ; then\n    # print error to STDERR\n    echo \"error: The sandbox is not in sync with the Podfile.lock. Run 'pod install' or update your CocoaPods installation.\" >&2\n    exit 1\nfi\n";
			showEnvVarsInLog = 0;
		};
		CC9AE13821E2264BD2431EE2 /* [CP] Check Pods Manifest.lock */ = {
			isa = PBXShellScriptBuildPhase;
			buildActionMask = 2147483647;
			files = (
			);
			inputPaths = (
			);
			name = "[CP] Check Pods Manifest.lock";
			outputPaths = (
			);
			runOnlyForDeploymentPostprocessing = 0;
			shellPath = /bin/sh;
			shellScript = "diff \"${PODS_ROOT}/../Podfile.lock\" \"${PODS_ROOT}/Manifest.lock\" > /dev/null\nif [ $? != 0 ] ; then\n    # print error to STDERR\n    echo \"error: The sandbox is not in sync with the Podfile.lock. Run 'pod install' or update your CocoaPods installation.\" >&2\n    exit 1\nfi\n";
			showEnvVarsInLog = 0;
		};
		F9C054B5C3A24EE840E958E8 /* [CP] Check Pods Manifest.lock */ = {
			isa = PBXShellScriptBuildPhase;
			buildActionMask = 2147483647;
			files = (
			);
			inputPaths = (
			);
			name = "[CP] Check Pods Manifest.lock";
			outputPaths = (
			);
			runOnlyForDeploymentPostprocessing = 0;
			shellPath = /bin/sh;
			shellScript = "diff \"${PODS_ROOT}/../Podfile.lock\" \"${PODS_ROOT}/Manifest.lock\" > /dev/null\nif [ $? != 0 ] ; then\n    # print error to STDERR\n    echo \"error: The sandbox is not in sync with the Podfile.lock. Run 'pod install' or update your CocoaPods installation.\" >&2\n    exit 1\nfi\n";
			showEnvVarsInLog = 0;
		};
/* End PBXShellScriptBuildPhase section */

/* Begin PBXSourcesBuildPhase section */
		3C89CC9D1DF9ED67005522B9 /* Sources */ = {
			isa = PBXSourcesBuildPhase;
			buildActionMask = 2147483647;
			files = (
				3CC7BA8F1DFB3C8A00A914A0 /* YoutubeAPI.swift in Sources */,
				3C8AD5061E045EF900064E9B /* VideoRepositoryMock.swift in Sources */,
				3C8AD5161E04667400064E9B /* Video+CoreDataProperties.swift in Sources */,
				3CC7BA9E1DFB411100A914A0 /* Definition.swift in Sources */,
				3CC7BA9B1DFB40ED00A914A0 /* VideoRepository.swift in Sources */,
				3CC7BAA21DFB413600A914A0 /* YoutubeDownloader.xcdatamodeld in Sources */,
				3CC7BABB1DFB4B4300A914A0 /* VideoListTableViewController.swift in Sources */,
				3C8AD4F61E04573C00064E9B /* VideoRepositoryProtocol.swift in Sources */,
				3C8AD5121E04667400064E9B /* Video+CoreDataClass.swift in Sources */,
				3C8AD50B1E04659B00064E9B /* VideoProtocol.swift in Sources */,
				3C8AD4FB1E04576700064E9B /* YoutubeVideoInformationProtocol.swift in Sources */,
				3C8AD5201E0468AB00064E9B /* VideoMock.swift in Sources */,
				3CC7BA921DFB3D9100A914A0 /* Persistence.swift in Sources */,
				3CC7BA981DFB3F7000A914A0 /* FileManager+Group.swift in Sources */,
				3C89CCA51DF9ED67005522B9 /* AppDelegate.swift in Sources */,
				3C8AD5001E04581200064E9B /* YoutubeAPIProtocol.swift in Sources */,
			);
			runOnlyForDeploymentPostprocessing = 0;
		};
		3C89CCB41DF9ED67005522B9 /* Sources */ = {
			isa = PBXSourcesBuildPhase;
			buildActionMask = 2147483647;
			files = (
				3C8AD5011E04581200064E9B /* YoutubeAPIProtocol.swift in Sources */,
				3C8AD5131E04667400064E9B /* Video+CoreDataClass.swift in Sources */,
				3C8AD4E51E044D8A00064E9B /* VideoRepositoryTests.swift in Sources */,
				3C8AD5211E0468AB00064E9B /* VideoMock.swift in Sources */,
				3C8AD5071E045EF900064E9B /* VideoRepositoryMock.swift in Sources */,
				3C8AD4FC1E04576700064E9B /* YoutubeVideoInformationProtocol.swift in Sources */,
				3C8AD4F71E04573C00064E9B /* VideoRepositoryProtocol.swift in Sources */,
				3C8AD4F01E04544C00064E9B /* YoutubeDownloader.xcdatamodeld in Sources */,
				3C8AD5171E04667400064E9B /* Video+CoreDataProperties.swift in Sources */,
				3C2953E61DFDD9AE00FBE9A2 /* ExtensionExtractor.swift in Sources */,
				3C8AD50C1E04659B00064E9B /* VideoProtocol.swift in Sources */,
			);
			runOnlyForDeploymentPostprocessing = 0;
		};
		3CC7BA781DFAC01700A914A0 /* Sources */ = {
			isa = PBXSourcesBuildPhase;
			buildActionMask = 2147483647;
			files = (
				3C2953E11DFD8DDB00FBE9A2 /* TmpCleaner.swift in Sources */,
				3C8AD5231E0468AB00064E9B /* VideoMock.swift in Sources */,
				3C8AD5191E04667400064E9B /* Video+CoreDataProperties.swift in Sources */,
				3C8AD4F91E04573C00064E9B /* VideoRepositoryProtocol.swift in Sources */,
				3CC7BA991DFB3F7000A914A0 /* FileManager+Group.swift in Sources */,
				3CC7BAA31DFB413600A914A0 /* YoutubeDownloader.xcdatamodeld in Sources */,
				3C8AD4FE1E04576700064E9B /* YoutubeVideoInformationProtocol.swift in Sources */,
				3CC7BA931DFB3D9100A914A0 /* Persistence.swift in Sources */,
				3CC7BA901DFB3CAF00A914A0 /* YoutubeAPI.swift in Sources */,
				3CC7BA9C1DFB40ED00A914A0 /* VideoRepository.swift in Sources */,
				3C8AD50E1E04659B00064E9B /* VideoProtocol.swift in Sources */,
				3CC7BA9F1DFB411100A914A0 /* Definition.swift in Sources */,
				3C8AD5091E045EF900064E9B /* VideoRepositoryMock.swift in Sources */,
				3C2953DF1DFD8B3900FBE9A2 /* ActionViewController+HWIFileDownloadDelegate.swift in Sources */,
				3C2953E31DFD93F500FBE9A2 /* ExtensionExtractor.swift in Sources */,
				3CC7BA7F1DFAC01800A914A0 /* ActionViewController.swift in Sources */,
				3C8AD5031E04581200064E9B /* YoutubeAPIProtocol.swift in Sources */,
				3C8AD5151E04667400064E9B /* Video+CoreDataClass.swift in Sources */,
			);
			runOnlyForDeploymentPostprocessing = 0;
		};
/* End PBXSourcesBuildPhase section */

/* Begin PBXTargetDependency section */
		3C89CCBA1DF9ED67005522B9 /* PBXTargetDependency */ = {
			isa = PBXTargetDependency;
			target = 3C89CCA01DF9ED67005522B9 /* YoutubeDownloader */;
			targetProxy = 3C89CCB91DF9ED67005522B9 /* PBXContainerItemProxy */;
		};
		3CC7BA851DFAC01800A914A0 /* PBXTargetDependency */ = {
			isa = PBXTargetDependency;
			target = 3CC7BA7B1DFAC01700A914A0 /* YoutubeDownloaderAction */;
			targetProxy = 3CC7BA841DFAC01800A914A0 /* PBXContainerItemProxy */;
		};
/* End PBXTargetDependency section */

/* Begin PBXVariantGroup section */
		3C89CCA81DF9ED67005522B9 /* Main.storyboard */ = {
			isa = PBXVariantGroup;
			children = (
				3C89CCA91DF9ED67005522B9 /* Base */,
			);
			name = Main.storyboard;
			sourceTree = "<group>";
		};
		3C89CCB01DF9ED67005522B9 /* LaunchScreen.storyboard */ = {
			isa = PBXVariantGroup;
			children = (
				3C89CCB11DF9ED67005522B9 /* Base */,
			);
			name = LaunchScreen.storyboard;
			sourceTree = "<group>";
		};
		3CC7BA801DFAC01800A914A0 /* MainInterface.storyboard */ = {
			isa = PBXVariantGroup;
			children = (
				3CC7BA811DFAC01800A914A0 /* Base */,
			);
			name = MainInterface.storyboard;
			sourceTree = "<group>";
		};
/* End PBXVariantGroup section */

/* Begin XCBuildConfiguration section */
		3C89CCCA1DF9ED67005522B9 /* Debug */ = {
			isa = XCBuildConfiguration;
			buildSettings = {
				ALWAYS_SEARCH_USER_PATHS = NO;
				CLANG_ANALYZER_NONNULL = YES;
				CLANG_CXX_LANGUAGE_STANDARD = "gnu++0x";
				CLANG_CXX_LIBRARY = "libc++";
				CLANG_ENABLE_MODULES = YES;
				CLANG_ENABLE_OBJC_ARC = YES;
				CLANG_WARN_BOOL_CONVERSION = YES;
				CLANG_WARN_CONSTANT_CONVERSION = YES;
				CLANG_WARN_DIRECT_OBJC_ISA_USAGE = YES_ERROR;
				CLANG_WARN_DOCUMENTATION_COMMENTS = YES;
				CLANG_WARN_EMPTY_BODY = YES;
				CLANG_WARN_ENUM_CONVERSION = YES;
				CLANG_WARN_INFINITE_RECURSION = YES;
				CLANG_WARN_INT_CONVERSION = YES;
				CLANG_WARN_OBJC_ROOT_CLASS = YES_ERROR;
				CLANG_WARN_SUSPICIOUS_MOVE = YES;
				CLANG_WARN_SUSPICIOUS_MOVES = YES;
				CLANG_WARN_UNREACHABLE_CODE = YES;
				CLANG_WARN__DUPLICATE_METHOD_MATCH = YES;
				"CODE_SIGN_IDENTITY[sdk=iphoneos*]" = "iPhone Developer";
				COPY_PHASE_STRIP = NO;
				DEBUG_INFORMATION_FORMAT = dwarf;
				ENABLE_STRICT_OBJC_MSGSEND = YES;
				ENABLE_TESTABILITY = YES;
				GCC_C_LANGUAGE_STANDARD = gnu99;
				GCC_DYNAMIC_NO_PIC = NO;
				GCC_NO_COMMON_BLOCKS = YES;
				GCC_OPTIMIZATION_LEVEL = 0;
				GCC_PREPROCESSOR_DEFINITIONS = (
					"DEBUG=1",
					"$(inherited)",
				);
				GCC_WARN_64_TO_32_BIT_CONVERSION = YES;
				GCC_WARN_ABOUT_RETURN_TYPE = YES_ERROR;
				GCC_WARN_UNDECLARED_SELECTOR = YES;
				GCC_WARN_UNINITIALIZED_AUTOS = YES_AGGRESSIVE;
				GCC_WARN_UNUSED_FUNCTION = YES;
				GCC_WARN_UNUSED_VARIABLE = YES;
				IPHONEOS_DEPLOYMENT_TARGET = 10.1;
				MTL_ENABLE_DEBUG_INFO = YES;
				ONLY_ACTIVE_ARCH = YES;
				SDKROOT = iphoneos;
				SWIFT_ACTIVE_COMPILATION_CONDITIONS = DEBUG;
				SWIFT_OPTIMIZATION_LEVEL = "-Onone";
				TARGETED_DEVICE_FAMILY = "1,2";
			};
			name = Debug;
		};
		3C89CCCB1DF9ED67005522B9 /* Release */ = {
			isa = XCBuildConfiguration;
			buildSettings = {
				ALWAYS_SEARCH_USER_PATHS = NO;
				CLANG_ANALYZER_NONNULL = YES;
				CLANG_CXX_LANGUAGE_STANDARD = "gnu++0x";
				CLANG_CXX_LIBRARY = "libc++";
				CLANG_ENABLE_MODULES = YES;
				CLANG_ENABLE_OBJC_ARC = YES;
				CLANG_WARN_BOOL_CONVERSION = YES;
				CLANG_WARN_CONSTANT_CONVERSION = YES;
				CLANG_WARN_DIRECT_OBJC_ISA_USAGE = YES_ERROR;
				CLANG_WARN_DOCUMENTATION_COMMENTS = YES;
				CLANG_WARN_EMPTY_BODY = YES;
				CLANG_WARN_ENUM_CONVERSION = YES;
				CLANG_WARN_INFINITE_RECURSION = YES;
				CLANG_WARN_INT_CONVERSION = YES;
				CLANG_WARN_OBJC_ROOT_CLASS = YES_ERROR;
				CLANG_WARN_SUSPICIOUS_MOVE = YES;
				CLANG_WARN_SUSPICIOUS_MOVES = YES;
				CLANG_WARN_UNREACHABLE_CODE = YES;
				CLANG_WARN__DUPLICATE_METHOD_MATCH = YES;
				"CODE_SIGN_IDENTITY[sdk=iphoneos*]" = "iPhone Developer";
				COPY_PHASE_STRIP = NO;
				DEBUG_INFORMATION_FORMAT = "dwarf-with-dsym";
				ENABLE_NS_ASSERTIONS = NO;
				ENABLE_STRICT_OBJC_MSGSEND = YES;
				GCC_C_LANGUAGE_STANDARD = gnu99;
				GCC_NO_COMMON_BLOCKS = YES;
				GCC_WARN_64_TO_32_BIT_CONVERSION = YES;
				GCC_WARN_ABOUT_RETURN_TYPE = YES_ERROR;
				GCC_WARN_UNDECLARED_SELECTOR = YES;
				GCC_WARN_UNINITIALIZED_AUTOS = YES_AGGRESSIVE;
				GCC_WARN_UNUSED_FUNCTION = YES;
				GCC_WARN_UNUSED_VARIABLE = YES;
				IPHONEOS_DEPLOYMENT_TARGET = 10.1;
				MTL_ENABLE_DEBUG_INFO = NO;
				SDKROOT = iphoneos;
				SWIFT_OPTIMIZATION_LEVEL = "-Owholemodule";
				TARGETED_DEVICE_FAMILY = "1,2";
				VALIDATE_PRODUCT = YES;
			};
			name = Release;
		};
		3C89CCCD1DF9ED67005522B9 /* Debug */ = {
			isa = XCBuildConfiguration;
			baseConfigurationReference = CA9DAA8A4327B9E427AFD372 /* Pods-YoutubeDownloader.debug.xcconfig */;
			buildSettings = {
				ALWAYS_EMBED_SWIFT_STANDARD_LIBRARIES = YES;
				ASSETCATALOG_COMPILER_APPICON_NAME = AppIcon;
				CLANG_ENABLE_MODULES = YES;
				CODE_SIGN_ENTITLEMENTS = YoutubeDownloader/YoutubeDownloader.entitlements;
				DEVELOPMENT_TEAM = S96554Z38L;
				INFOPLIST_FILE = YoutubeDownloader/Info.plist;
				LD_RUNPATH_SEARCH_PATHS = "$(inherited) @executable_path/Frameworks";
				PRODUCT_BUNDLE_IDENTIFIER = software.leitold.YoutubeDownloader2;
				PRODUCT_NAME = "$(TARGET_NAME)";
				SWIFT_INSTALL_OBJC_HEADER = YES;
				SWIFT_OBJC_BRIDGING_HEADER = "";
				SWIFT_OPTIMIZATION_LEVEL = "-Onone";
				SWIFT_VERSION = 3.0;
			};
			name = Debug;
		};
		3C89CCCE1DF9ED67005522B9 /* Release */ = {
			isa = XCBuildConfiguration;
			baseConfigurationReference = 59D1F676D6AA5FA2C7B2DA43 /* Pods-YoutubeDownloader.release.xcconfig */;
			buildSettings = {
				ALWAYS_EMBED_SWIFT_STANDARD_LIBRARIES = YES;
				ASSETCATALOG_COMPILER_APPICON_NAME = AppIcon;
				CLANG_ENABLE_MODULES = YES;
				CODE_SIGN_ENTITLEMENTS = YoutubeDownloader/YoutubeDownloader.entitlements;
				DEVELOPMENT_TEAM = S96554Z38L;
				INFOPLIST_FILE = YoutubeDownloader/Info.plist;
				LD_RUNPATH_SEARCH_PATHS = "$(inherited) @executable_path/Frameworks";
				PRODUCT_BUNDLE_IDENTIFIER = software.leitold.YoutubeDownloader2;
				PRODUCT_NAME = "$(TARGET_NAME)";
				SWIFT_INSTALL_OBJC_HEADER = YES;
				SWIFT_OBJC_BRIDGING_HEADER = "";
				SWIFT_VERSION = 3.0;
			};
			name = Release;
		};
		3C89CCD01DF9ED67005522B9 /* Debug */ = {
			isa = XCBuildConfiguration;
			baseConfigurationReference = D1005E8F56CE72524003868B /* Pods-YoutubeDownloaderTests.debug.xcconfig */;
			buildSettings = {
				ALWAYS_EMBED_SWIFT_STANDARD_LIBRARIES = YES;
				BUNDLE_LOADER = "$(TEST_HOST)";
				DEVELOPMENT_TEAM = S96554Z38L;
				INFOPLIST_FILE = YoutubeDownloaderTests/Info.plist;
				LD_RUNPATH_SEARCH_PATHS = "$(inherited) @executable_path/Frameworks @loader_path/Frameworks";
				PRODUCT_BUNDLE_IDENTIFIER = software.leitold.YoutubeDownloaderTests;
				PRODUCT_NAME = "$(TARGET_NAME)";
				SWIFT_VERSION = 3.0;
				TEST_HOST = "$(BUILT_PRODUCTS_DIR)/YoutubeDownloader.app/YoutubeDownloader";
			};
			name = Debug;
		};
		3C89CCD11DF9ED67005522B9 /* Release */ = {
			isa = XCBuildConfiguration;
			baseConfigurationReference = A780977B37F20722A7807C9F /* Pods-YoutubeDownloaderTests.release.xcconfig */;
			buildSettings = {
				ALWAYS_EMBED_SWIFT_STANDARD_LIBRARIES = YES;
				BUNDLE_LOADER = "$(TEST_HOST)";
				DEVELOPMENT_TEAM = S96554Z38L;
				INFOPLIST_FILE = YoutubeDownloaderTests/Info.plist;
				LD_RUNPATH_SEARCH_PATHS = "$(inherited) @executable_path/Frameworks @loader_path/Frameworks";
				PRODUCT_BUNDLE_IDENTIFIER = software.leitold.YoutubeDownloaderTests;
				PRODUCT_NAME = "$(TARGET_NAME)";
				SWIFT_VERSION = 3.0;
				TEST_HOST = "$(BUILT_PRODUCTS_DIR)/YoutubeDownloader.app/YoutubeDownloader";
			};
			name = Release;
		};
		3CC7BA881DFAC01800A914A0 /* Debug */ = {
			isa = XCBuildConfiguration;
			baseConfigurationReference = A609530D8BC61540E0E27E65 /* Pods-YoutubeDownloaderAction.debug.xcconfig */;
			buildSettings = {
				CLANG_ENABLE_MODULES = YES;
				CODE_SIGN_ENTITLEMENTS = YoutubeDownloaderAction/YoutubeDownloaderAction.entitlements;
				DEVELOPMENT_TEAM = S96554Z38L;
				INFOPLIST_FILE = YoutubeDownloaderAction/Info.plist;
				LD_RUNPATH_SEARCH_PATHS = "$(inherited) @executable_path/Frameworks @executable_path/../../Frameworks";
				PRODUCT_BUNDLE_IDENTIFIER = software.leitold.YoutubeDownloader2.YoutubeDownloaderAction2;
				PRODUCT_NAME = "$(TARGET_NAME)";
				SKIP_INSTALL = YES;
				SWIFT_INSTALL_OBJC_HEADER = YES;
				SWIFT_OBJC_BRIDGING_HEADER = "";
				SWIFT_OPTIMIZATION_LEVEL = "-Onone";
				SWIFT_VERSION = 3.0;
			};
			name = Debug;
		};
		3CC7BA891DFAC01800A914A0 /* Release */ = {
			isa = XCBuildConfiguration;
			baseConfigurationReference = 12FB0B1C83B4331AE14F79BF /* Pods-YoutubeDownloaderAction.release.xcconfig */;
			buildSettings = {
				CLANG_ENABLE_MODULES = YES;
				CODE_SIGN_ENTITLEMENTS = YoutubeDownloaderAction/YoutubeDownloaderAction.entitlements;
				DEVELOPMENT_TEAM = S96554Z38L;
				INFOPLIST_FILE = YoutubeDownloaderAction/Info.plist;
				LD_RUNPATH_SEARCH_PATHS = "$(inherited) @executable_path/Frameworks @executable_path/../../Frameworks";
				PRODUCT_BUNDLE_IDENTIFIER = software.leitold.YoutubeDownloader2.YoutubeDownloaderAction2;
				PRODUCT_NAME = "$(TARGET_NAME)";
				SKIP_INSTALL = YES;
				SWIFT_INSTALL_OBJC_HEADER = YES;
				SWIFT_OBJC_BRIDGING_HEADER = "";
				SWIFT_VERSION = 3.0;
			};
			name = Release;
		};
/* End XCBuildConfiguration section */

/* Begin XCConfigurationList section */
		3C89CC9C1DF9ED67005522B9 /* Build configuration list for PBXProject "YoutubeDownloader" */ = {
			isa = XCConfigurationList;
			buildConfigurations = (
				3C89CCCA1DF9ED67005522B9 /* Debug */,
				3C89CCCB1DF9ED67005522B9 /* Release */,
			);
			defaultConfigurationIsVisible = 0;
			defaultConfigurationName = Release;
		};
		3C89CCCC1DF9ED67005522B9 /* Build configuration list for PBXNativeTarget "YoutubeDownloader" */ = {
			isa = XCConfigurationList;
			buildConfigurations = (
				3C89CCCD1DF9ED67005522B9 /* Debug */,
				3C89CCCE1DF9ED67005522B9 /* Release */,
			);
			defaultConfigurationIsVisible = 0;
			defaultConfigurationName = Release;
		};
		3C89CCCF1DF9ED67005522B9 /* Build configuration list for PBXNativeTarget "YoutubeDownloaderTests" */ = {
			isa = XCConfigurationList;
			buildConfigurations = (
				3C89CCD01DF9ED67005522B9 /* Debug */,
				3C89CCD11DF9ED67005522B9 /* Release */,
			);
			defaultConfigurationIsVisible = 0;
			defaultConfigurationName = Release;
		};
		3CC7BA871DFAC01800A914A0 /* Build configuration list for PBXNativeTarget "YoutubeDownloaderAction" */ = {
			isa = XCConfigurationList;
			buildConfigurations = (
				3CC7BA881DFAC01800A914A0 /* Debug */,
				3CC7BA891DFAC01800A914A0 /* Release */,
			);
			defaultConfigurationIsVisible = 0;
			defaultConfigurationName = Release;
		};
/* End XCConfigurationList section */

/* Begin XCVersionGroup section */
		3CC7BAA01DFB413600A914A0 /* YoutubeDownloader.xcdatamodeld */ = {
			isa = XCVersionGroup;
			children = (
				3CC7BAA11DFB413600A914A0 /* YoutubeDownloader.xcdatamodel */,
			);
			currentVersion = 3CC7BAA11DFB413600A914A0 /* YoutubeDownloader.xcdatamodel */;
			name = YoutubeDownloader.xcdatamodeld;
			path = Core/YoutubeDownloader.xcdatamodeld;
			sourceTree = "<group>";
			versionGroupType = wrapper.xcdatamodel;
		};
/* End XCVersionGroup section */
	};
	rootObject = 3C89CC991DF9ED67005522B9 /* Project object */;
}
